
Microsoft Visual Studio Solution File, Format Version 12.00
# Visual Studio Version 17
VisualStudioVersion = 17.9.34701.34
MinimumVisualStudioVersion = 10.0.40219.1
Project("{FAE04EC0-301F-11D3-BF4B-00C04F79EFBC}") = "Test", "Test.csproj", "{92707B1D-A000-405B-BBA9-AC1AD1D28F61}"
EndProject
Global
	GlobalSection(SolutionConfigurationPlatforms) = preSolution
		Debug|Any CPU = Debug|Any CPU
		Release|Any CPU = Release|Any CPU
	EndGlobalSection
	GlobalSection(ProjectConfigurationPlatforms) = postSolution
		{92707B1D-A000-405B-BBA9-AC1AD1D28F61}.Debug|Any CPU.ActiveCfg = Debug|Any CPU
		{92707B1D-A000-405B-BBA9-AC1AD1D28F61}.Debug|Any CPU.Build.0 = Debug|Any CPU
		{92707B1D-A000-405B-BBA9-AC1AD1D28F61}.Release|Any CPU.ActiveCfg = Release|Any CPU
		{92707B1D-A000-405B-BBA9-AC1AD1D28F61}.Release|Any CPU.Build.0 = Release|Any CPU
	EndGlobalSection
	GlobalSection(SolutionProperties) = preSolution
		HideSolutionNode = FALSE
	EndGlobalSection
	GlobalSection(ExtensibilityGlobals) = postSolution
		SolutionGuid = {856F2A3E-27D8-43F3-A101-76AAFC0C02AE}
	EndGlobalSection
EndGlobal
